
Microsoft Visual Studio Solution File, Format Version 12.00
# Visual Studio Version 17
VisualStudioVersion = 17.14.36327.8 d17.14
MinimumVisualStudioVersion = 10.0.40219.1
Project("{FAE04EC0-301F-11D3-BF4B-00C04F79EFBC}") = "InventarioDistribuido", "InventarioDistribuido\InventarioDistribuido.csproj", "{3F952F36-70E8-4DA0-A2C9-D023535BD39E}"
EndProject
Global
	GlobalSection(SolutionConfigurationPlatforms) = preSolution
		Debug|Any CPU = Debug|Any CPU
		Release|Any CPU = Release|Any CPU
	EndGlobalSection
	GlobalSection(ProjectConfigurationPlatforms) = postSolution
		{3F952F36-70E8-4DA0-A2C9-D023535BD39E}.Debug|Any CPU.ActiveCfg = Debug|Any CPU
		{3F952F36-70E8-4DA0-A2C9-D023535BD39E}.Debug|Any CPU.Build.0 = Debug|Any CPU
		{3F952F36-70E8-4DA0-A2C9-D023535BD39E}.Release|Any CPU.ActiveCfg = Release|Any CPU
		{3F952F36-70E8-4DA0-A2C9-D023535BD39E}.Release|Any CPU.Build.0 = Release|Any CPU
	EndGlobalSection
	GlobalSection(SolutionProperties) = preSolution
		HideSolutionNode = FALSE
	EndGlobalSection
	GlobalSection(ExtensibilityGlobals) = postSolution
		SolutionGuid = {10375BA5-4183-4C00-BD62-E6D0778C7761}
	EndGlobalSection
EndGlobal
